
Microsoft Visual Studio Solution File, Format Version 12.00
# Visual Studio Version 17
VisualStudioVersion = 17.8.34525.116
MinimumVisualStudioVersion = 10.0.40219.1
Project("{2150E333-8FDC-42A3-9474-1A3956D46DE8}") = "ProjectsAPI", "ProjectsAPI", "{F4794A86-32FE-490D-84FC-7E3819EAB279}"
EndProject
Project("{FAE04EC0-301F-11D3-BF4B-00C04F79EFBC}") = "ProjectsRegister.ProjectsAPI.Infrastructure", "ProjectsAPI\ProjectsRegister.ProjectsAPI.Infrastructure\ProjectsRegister.ProjectsAPI.Infrastructure.csproj", "{23E9A8F4-A9DC-4656-8D41-A08F3B376432}"
EndProject
Project("{FAE04EC0-301F-11D3-BF4B-00C04F79EFBC}") = "ProjectsRegister.ProjectsAPI.Domain", "ProjectsAPI\ProjectsRegister.ProjectsAPI.Domain\ProjectsRegister.ProjectsAPI.Domain.csproj", "{375E051B-B05F-4955-91D8-85D7496DB52D}"
EndProject
Project("{FAE04EC0-301F-11D3-BF4B-00C04F79EFBC}") = "ProjectsRegister.ProjectsAPI.Crosscutting", "ProjectsAPI\ProjectsRegister.ProjectsAPI.Crosscutting\ProjectsRegister.ProjectsAPI.Crosscutting.csproj", "{06C86CCA-F7AA-4751-B0FA-2A752924B96A}"
EndProject
Project("{FAE04EC0-301F-11D3-BF4B-00C04F79EFBC}") = "ProjectsRegister.ProjectsAPI.Interface", "ProjectsAPI\ProjectsRegister.ProjectsAPI.Interface\ProjectsRegister.ProjectsAPI.Interface.csproj", "{365B94E8-0422-4D56-B5ED-3FF9AA1C7816}"
EndProject
Project("{FAE04EC0-301F-11D3-BF4B-00C04F79EFBC}") = "ProjectsRegister.ProjectsAPI.Services", "ProjectsAPI\ProjectsRegister.ProjectsAPI.Services\ProjectsRegister.ProjectsAPI.Services.csproj", "{39008C5C-A137-4C90-B6D2-550D49EF7BB6}"
EndProject
Global
	GlobalSection(SolutionConfigurationPlatforms) = preSolution
		Debug|Any CPU = Debug|Any CPU
		Release|Any CPU = Release|Any CPU
	EndGlobalSection
	GlobalSection(ProjectConfigurationPlatforms) = postSolution
		{23E9A8F4-A9DC-4656-8D41-A08F3B376432}.Debug|Any CPU.ActiveCfg = Debug|Any CPU
		{23E9A8F4-A9DC-4656-8D41-A08F3B376432}.Debug|Any CPU.Build.0 = Debug|Any CPU
		{23E9A8F4-A9DC-4656-8D41-A08F3B376432}.Release|Any CPU.ActiveCfg = Release|Any CPU
		{23E9A8F4-A9DC-4656-8D41-A08F3B376432}.Release|Any CPU.Build.0 = Release|Any CPU
		{375E051B-B05F-4955-91D8-85D7496DB52D}.Debug|Any CPU.ActiveCfg = Debug|Any CPU
		{375E051B-B05F-4955-91D8-85D7496DB52D}.Debug|Any CPU.Build.0 = Debug|Any CPU
		{375E051B-B05F-4955-91D8-85D7496DB52D}.Release|Any CPU.ActiveCfg = Release|Any CPU
		{375E051B-B05F-4955-91D8-85D7496DB52D}.Release|Any CPU.Build.0 = Release|Any CPU
		{06C86CCA-F7AA-4751-B0FA-2A752924B96A}.Debug|Any CPU.ActiveCfg = Debug|Any CPU
		{06C86CCA-F7AA-4751-B0FA-2A752924B96A}.Debug|Any CPU.Build.0 = Debug|Any CPU
		{06C86CCA-F7AA-4751-B0FA-2A752924B96A}.Release|Any CPU.ActiveCfg = Release|Any CPU
		{06C86CCA-F7AA-4751-B0FA-2A752924B96A}.Release|Any CPU.Build.0 = Release|Any CPU
		{365B94E8-0422-4D56-B5ED-3FF9AA1C7816}.Debug|Any CPU.ActiveCfg = Debug|Any CPU
		{365B94E8-0422-4D56-B5ED-3FF9AA1C7816}.Debug|Any CPU.Build.0 = Debug|Any CPU
		{365B94E8-0422-4D56-B5ED-3FF9AA1C7816}.Release|Any CPU.ActiveCfg = Release|Any CPU
		{365B94E8-0422-4D56-B5ED-3FF9AA1C7816}.Release|Any CPU.Build.0 = Release|Any CPU
		{39008C5C-A137-4C90-B6D2-550D49EF7BB6}.Debug|Any CPU.ActiveCfg = Debug|Any CPU
		{39008C5C-A137-4C90-B6D2-550D49EF7BB6}.Debug|Any CPU.Build.0 = Debug|Any CPU
		{39008C5C-A137-4C90-B6D2-550D49EF7BB6}.Release|Any CPU.ActiveCfg = Release|Any CPU
		{39008C5C-A137-4C90-B6D2-550D49EF7BB6}.Release|Any CPU.Build.0 = Release|Any CPU
	EndGlobalSection
	GlobalSection(SolutionProperties) = preSolution
		HideSolutionNode = FALSE
	EndGlobalSection
	GlobalSection(NestedProjects) = preSolution
		{23E9A8F4-A9DC-4656-8D41-A08F3B376432} = {F4794A86-32FE-490D-84FC-7E3819EAB279}
		{375E051B-B05F-4955-91D8-85D7496DB52D} = {F4794A86-32FE-490D-84FC-7E3819EAB279}
		{06C86CCA-F7AA-4751-B0FA-2A752924B96A} = {F4794A86-32FE-490D-84FC-7E3819EAB279}
		{365B94E8-0422-4D56-B5ED-3FF9AA1C7816} = {F4794A86-32FE-490D-84FC-7E3819EAB279}
		{39008C5C-A137-4C90-B6D2-550D49EF7BB6} = {F4794A86-32FE-490D-84FC-7E3819EAB279}
	EndGlobalSection
	GlobalSection(ExtensibilityGlobals) = postSolution
		SolutionGuid = {EEC93B71-48DA-433A-A338-8708C01BC246}
	EndGlobalSection
EndGlobal
